<?xml version="1.0" encoding="UTF-8" standalone="yes" ?>
<CodeBlocks_project_file>
	<FileVersion major="1" minor="6" />
	<Project>
		<Option title="CaveStoryRemake" />
		<Option pch_mode="2" />
		<Option compiler="null" />
		<Build>
			<Target title="Release">
				<Option output="bin/Release/CaveStoryRemake" prefix_auto="1" extension_auto="1" />
				<Option object_output="obj/Release/" />
				<Option type="1" />
				<Option compiler="gcc" />
				<Compiler>
					<Add option="-std=c++1z" />
				</Compiler>
			</Target>
		</Build>
		<Unit filename="Json_Modern_Cpp/json.hpp" />
		<Unit filename="source/CaveStoryEngine.rc">
			<Option compilerVar="WINDRES" />
		</Unit>
		<Unit filename="source/ORIG_org.cpp" />
		<Unit filename="source/ORIG_org.h" />
		<Unit filename="source/balfrog.cpp" />
		<Unit filename="source/blade.cpp" />
		<Unit filename="source/blade.h" />
		<Unit filename="source/bladeThrow.cpp" />
		<Unit filename="source/boss.cpp" />
		<Unit filename="source/boss.h" />
		<Unit filename="source/bossCollision.cpp" />
		<Unit filename="source/bossCollision.h" />
		<Unit filename="source/bubblePew.cpp" />
		<Unit filename="source/bubbler.cpp" />
		<Unit filename="source/bubbler.h" />
		<Unit filename="source/bullet.cpp" />
		<Unit filename="source/bullet.h" />
		<Unit filename="source/bulletCollision.cpp" />
		<Unit filename="source/bulletCollision.h" />
		<Unit filename="source/caret.cpp" />
		<Unit filename="source/caret.h" />
		<Unit filename="source/common.h" />
		<Unit filename="source/core.cpp" />
		<Unit filename="source/fade.cpp" />
		<Unit filename="source/fade.h" />
		<Unit filename="source/filesystem.cpp" />
		<Unit filename="source/filesystem.h" />
		<Unit filename="source/fireball.cpp" />
		<Unit filename="source/fireball.h" />
		<Unit filename="source/fireballShoot.cpp" />
		<Unit filename="source/flags.cpp" />
		<Unit filename="source/flags.h" />
		<Unit filename="source/flash.cpp" />
		<Unit filename="source/flash.h" />
		<Unit filename="source/game.cpp" />
		<Unit filename="source/game.h" />
		<Unit filename="source/heavyPress.cpp" />
		<Unit filename="source/hud.cpp" />
		<Unit filename="source/hud.h" />
		<Unit filename="source/input.cpp" />
		<Unit filename="source/input.h" />
		<Unit filename="source/inventory.cpp" />
		<Unit filename="source/level.cpp" />
		<Unit filename="source/level.h" />
		<Unit filename="source/loadConfig.cpp" />
		<Unit filename="source/loadConfig.h" />
		<Unit filename="source/lodepng/lodepng.cpp" />
		<Unit filename="source/lodepng/lodepng.h" />
		<Unit filename="source/log.cpp" />
		<Unit filename="source/log.h" />
		<Unit filename="source/machineGun.cpp" />
		<Unit filename="source/machineGun.h" />
		<Unit filename="source/machineGunShoot.cpp" />
		<Unit filename="source/main.cpp" />
		<Unit filename="source/main.h" />
		<Unit filename="source/mapSystem.cpp" />
		<Unit filename="source/mathUtils.cpp" />
		<Unit filename="source/mathUtils.h" />
		<Unit filename="source/misc.cpp" />
		<Unit filename="source/misc.h" />
		<Unit filename="source/missile.cpp" />
		<Unit filename="source/missile.h" />
		<Unit filename="source/missileShoot.cpp" />
		<Unit filename="source/monsterX.cpp" />
		<Unit filename="source/nemesis.cpp" />
		<Unit filename="source/nemesis.h" />
		<Unit filename="source/nemesisShoot.cpp" />
		<Unit filename="source/npc.cpp" />
		<Unit filename="source/npc.h" />
		<Unit filename="source/npc000.cpp" />
		<Unit filename="source/npc000.h" />
		<Unit filename="source/npc020.cpp" />
		<Unit filename="source/npc020.h" />
		<Unit filename="source/npc040.cpp" />
		<Unit filename="source/npc040.h" />
		<Unit filename="source/npc060.cpp" />
		<Unit filename="source/npc060.h" />
		<Unit filename="source/npc080.cpp" />
		<Unit filename="source/npc080.h" />
		<Unit filename="source/npc100.cpp" />
		<Unit filename="source/npc100.h" />
		<Unit filename="source/npc120.cpp" />
		<Unit filename="source/npc120.h" />
		<Unit filename="source/npc140.cpp" />
		<Unit filename="source/npc140.h" />
		<Unit filename="source/npc160.cpp" />
		<Unit filename="source/npc160.h" />
		<Unit filename="source/npc180.cpp" />
		<Unit filename="source/npc180.h" />
		<Unit filename="source/npc200.cpp" />
		<Unit filename="source/npc200.h" />
		<Unit filename="source/npc220.cpp" />
		<Unit filename="source/npc220.h" />
		<Unit filename="source/npc240.cpp" />
		<Unit filename="source/npc240.h" />
		<Unit filename="source/npc260.cpp" />
		<Unit filename="source/npc260.h" />
		<Unit filename="source/npc280.cpp" />
		<Unit filename="source/npc280.h" />
		<Unit filename="source/npc300.cpp" />
		<Unit filename="source/npc300.h" />
		<Unit filename="source/npc320.cpp" />
		<Unit filename="source/npc320.h" />
		<Unit filename="source/npc340.cpp" />
		<Unit filename="source/npc340.h" />
		<Unit filename="source/npc360.cpp" />
		<Unit filename="source/npc360.h" />
		<Unit filename="source/npcAct.cpp" />
		<Unit filename="source/npcAct.h" />
		<Unit filename="source/npcCollision.cpp" />
		<Unit filename="source/npcCollision.h" />
		<Unit filename="source/omega.cpp" />
		<Unit filename="source/org.cpp" />
		<Unit filename="source/org.h" />
		<Unit filename="source/player.cpp" />
		<Unit filename="source/player.h" />
		<Unit filename="source/playerCollision.cpp" />
		<Unit filename="source/playerCollision.h" />
		<Unit filename="source/polarStar.cpp" />
		<Unit filename="source/polarStar.h" />
		<Unit filename="source/polarStarShoot.cpp" />
		<Unit filename="source/pxt.cpp" />
		<Unit filename="source/pxt.h" />
		<Unit filename="source/render.cpp" />
		<Unit filename="source/render.h" />
		<Unit filename="source/resource.h" />
		<Unit filename="source/script.cpp" />
		<Unit filename="source/script.h" />
		<Unit filename="source/shootFunctions.h" />
		<Unit filename="source/snake.cpp" />
		<Unit filename="source/snake.h" />
		<Unit filename="source/snakeShoot.cpp" />
		<Unit filename="source/sound.cpp" />
		<Unit filename="source/sound.h" />
		<Unit filename="source/spur.cpp" />
		<Unit filename="source/spur.h" />
		<Unit filename="source/spurShoot.cpp" />
		<Unit filename="source/stage.cpp" />
		<Unit filename="source/stage.h" />
		<Unit filename="source/stageSelect.cpp" />
		<Unit filename="source/stdUtils.cpp" />
		<Unit filename="source/stdUtils.h" />
		<Unit filename="source/valueview.cpp" />
		<Unit filename="source/valueview.h" />
		<Unit filename="source/weapons.cpp" />
		<Unit filename="source/weapons.h" />
		<Extensions>
			<code_completion>
				<search_path add="C:\MSYS32\mingw32\include" />
				<search_path add="C:\MSYS32\mingw32\include\SDL2" />
			</code_completion>
			<envvars />
			<debugger />
		</Extensions>
	</Project>
</CodeBlocks_project_file>
