
Microsoft Visual Studio Solution File, Format Version 12.00
# Visual Studio 15
VisualStudioVersion = 15.0.27130.2010
MinimumVisualStudioVersion = 10.0.40219.1
Project("{8BC9CEB8-8B4A-11D0-8D11-00A0C91BC942}") = "CaveStoryRecoded", "source\CaveStoryRecoded.vcxproj", "{8DE67CE2-BCF9-4B5E-8260-C58044628838}"
EndProject
Global
	GlobalSection(SolutionConfigurationPlatforms) = preSolution
		Debug|x64 = Debug|x64
		Debug|x86 = Debug|x86
		Release|x64 = Release|x64
		Release|x86 = Release|x86
	EndGlobalSection
	GlobalSection(ProjectConfigurationPlatforms) = postSolution
		{8DE67CE2-BCF9-4B5E-8260-C58044628838}.Debug|x64.ActiveCfg = Debug|x64
		{8DE67CE2-BCF9-4B5E-8260-C58044628838}.Debug|x64.Build.0 = Debug|x64
		{8DE67CE2-BCF9-4B5E-8260-C58044628838}.Debug|x86.ActiveCfg = Debug|Win32
		{8DE67CE2-BCF9-4B5E-8260-C58044628838}.Debug|x86.Build.0 = Debug|Win32
		{8DE67CE2-BCF9-4B5E-8260-C58044628838}.Release|x64.ActiveCfg = Release|x64
		{8DE67CE2-BCF9-4B5E-8260-C58044628838}.Release|x64.Build.0 = Release|x64
		{8DE67CE2-BCF9-4B5E-8260-C58044628838}.Release|x86.ActiveCfg = Release|Win32
		{8DE67CE2-BCF9-4B5E-8260-C58044628838}.Release|x86.Build.0 = Release|Win32
	EndGlobalSection
	GlobalSection(SolutionProperties) = preSolution
		HideSolutionNode = FALSE
	EndGlobalSection
	GlobalSection(ExtensibilityGlobals) = postSolution
		SolutionGuid = {AADDB997-9EFE-4EFE-BF2C-5E036D305308}
	EndGlobalSection
EndGlobal
