<?xml version="1.0" encoding="utf-8"?>
<Project ToolsVersion="4.0" xmlns="http://schemas.microsoft.com/developer/msbuild/2003">
  <ItemGroup>
    <Filter Include="Source Files">
      <UniqueIdentifier>{4FC737F1-C7A5-4376-A066-2A32D752A2FF}</UniqueIdentifier>
      <Extensions>cpp;c;cc;cxx;def;odl;idl;hpj;bat;asm;asmx</Extensions>
    </Filter>
    <Filter Include="Header Files">
      <UniqueIdentifier>{93995380-89BD-4b04-88EB-625FBE52EBFB}</UniqueIdentifier>
      <Extensions>h;hh;hpp;hxx;hm;inl;inc;xsd</Extensions>
    </Filter>
    <Filter Include="Resource Files">
      <UniqueIdentifier>{67DA6AB6-F800-4c08-8B7A-83BB121AAD01}</UniqueIdentifier>
      <Extensions>rc;ico;cur;bmp;dlg;rc2;rct;bin;rgs;gif;jpg;jpeg;jpe;resx;tiff;tif;png;wav;mfcribbon-ms</Extensions>
    </Filter>
    <Filter Include="Source Files\modules">
      <UniqueIdentifier>{6ac8c2af-c217-44c8-94f4-f76a6ff22d8e}</UniqueIdentifier>
    </Filter>
    <Filter Include="Source Files\classes">
      <UniqueIdentifier>{8af45837-cea6-45a3-9b88-ed0998b1c352}</UniqueIdentifier>
    </Filter>
    <Filter Include="Source Files\modules\sound">
      <UniqueIdentifier>{b5c05ef0-304a-407a-8aa8-b2ea2bbd4ed1}</UniqueIdentifier>
    </Filter>
    <Filter Include="Source Files\classes\player">
      <UniqueIdentifier>{9f59141a-ca26-4191-a411-a781c776450f}</UniqueIdentifier>
    </Filter>
    <Filter Include="Source Files\classes\weapon">
      <UniqueIdentifier>{1c05a025-f740-4e51-9dfc-042f8e8411cd}</UniqueIdentifier>
    </Filter>
    <Filter Include="Source Files\classes\npc">
      <UniqueIdentifier>{dd025e45-f001-4d20-b7b6-f19fd265abff}</UniqueIdentifier>
    </Filter>
    <Filter Include="Source Files\classes\npc\act">
      <UniqueIdentifier>{4ff93f4a-c3c8-4ee2-9f39-03301d066c06}</UniqueIdentifier>
    </Filter>
    <Filter Include="Source Files\states">
      <UniqueIdentifier>{a4b019f6-de34-4577-9b8b-64cf1ee3b5ac}</UniqueIdentifier>
    </Filter>
    <Filter Include="Source Files\classes\weapon\act">
      <UniqueIdentifier>{754df458-b380-47d1-a7ca-725b1365a1b9}</UniqueIdentifier>
    </Filter>
    <Filter Include="Source Files\classes\caret">
      <UniqueIdentifier>{c4140a78-85b3-4b3d-be75-d6bda949fe8a}</UniqueIdentifier>
    </Filter>
  </ItemGroup>
  <ItemGroup>
    <ClCompile Include="main.cpp">
      <Filter>Source Files</Filter>
    </ClCompile>
    <ClCompile Include="render.cpp">
      <Filter>Source Files\modules</Filter>
    </ClCompile>
    <ClCompile Include="level.cpp">
      <Filter>Source Files\modules</Filter>
    </ClCompile>
    <ClCompile Include="math.cpp">
      <Filter>Source Files\modules</Filter>
    </ClCompile>
    <ClCompile Include="script.cpp">
      <Filter>Source Files\modules</Filter>
    </ClCompile>
    <ClCompile Include="filesystem.cpp">
      <Filter>Source Files\modules</Filter>
    </ClCompile>
    <ClCompile Include="input.cpp">
      <Filter>Source Files\modules</Filter>
    </ClCompile>
    <ClCompile Include="flags.cpp">
      <Filter>Source Files\modules</Filter>
    </ClCompile>
    <ClCompile Include="npcCollision.cpp">
      <Filter>Source Files\modules</Filter>
    </ClCompile>
    <ClCompile Include="playerCollision.cpp">
      <Filter>Source Files\modules</Filter>
    </ClCompile>
    <ClCompile Include="sound.cpp">
      <Filter>Source Files\modules\sound</Filter>
    </ClCompile>
    <ClCompile Include="hud.cpp">
      <Filter>Source Files\modules</Filter>
    </ClCompile>
    <ClCompile Include="player.cpp">
      <Filter>Source Files\classes\player</Filter>
    </ClCompile>
    <ClCompile Include="weapons.cpp">
      <Filter>Source Files\classes\weapon</Filter>
    </ClCompile>
    <ClCompile Include="bullet.cpp">
      <Filter>Source Files\classes\weapon</Filter>
    </ClCompile>
    <ClCompile Include="npc.cpp">
      <Filter>Source Files\classes\npc</Filter>
    </ClCompile>
    <ClCompile Include="npc000.cpp">
      <Filter>Source Files\classes\npc\act</Filter>
    </ClCompile>
    <ClCompile Include="npc020.cpp">
      <Filter>Source Files\classes\npc\act</Filter>
    </ClCompile>
    <ClCompile Include="npc040.cpp">
      <Filter>Source Files\classes\npc\act</Filter>
    </ClCompile>
    <ClCompile Include="npc060.cpp">
      <Filter>Source Files\classes\npc\act</Filter>
    </ClCompile>
    <ClCompile Include="npc200.cpp">
      <Filter>Source Files\classes\npc\act</Filter>
    </ClCompile>
    <ClCompile Include="npc340.cpp">
      <Filter>Source Files\classes\npc\act</Filter>
    </ClCompile>
    <ClCompile Include="npcAct.cpp">
      <Filter>Source Files\classes\npc\act</Filter>
    </ClCompile>
    <ClCompile Include="game.cpp">
      <Filter>Source Files\states</Filter>
    </ClCompile>
    <ClCompile Include="polarStar.cpp">
      <Filter>Source Files\classes\weapon\act</Filter>
    </ClCompile>
    <ClCompile Include="npc080.cpp">
      <Filter>Source Files\classes\npc\act</Filter>
    </ClCompile>
    <ClCompile Include="npc180.cpp">
      <Filter>Source Files\classes\npc\act</Filter>
    </ClCompile>
    <ClCompile Include="caret.cpp">
      <Filter>Source Files\classes\caret</Filter>
    </ClCompile>
    <ClCompile Include="org.cpp">
      <Filter>Source Files\modules\sound</Filter>
    </ClCompile>
    <ClCompile Include="npc220.cpp">
      <Filter>Source Files\classes\npc\act</Filter>
    </ClCompile>
    <ClCompile Include="npc100.cpp">
      <Filter>Source Files\classes\npc\act</Filter>
    </ClCompile>
    <ClCompile Include="npc280.cpp">
      <Filter>Source Files\classes\npc\act</Filter>
    </ClCompile>
    <ClCompile Include="npc300.cpp">
      <Filter>Source Files\classes\npc\act</Filter>
    </ClCompile>
  </ItemGroup>
  <ItemGroup>
    <ClInclude Include="render.h">
      <Filter>Source Files\modules</Filter>
    </ClInclude>
    <ClInclude Include="level.h">
      <Filter>Source Files\modules</Filter>
    </ClInclude>
    <ClInclude Include="math.h">
      <Filter>Source Files\modules</Filter>
    </ClInclude>
    <ClInclude Include="script.h">
      <Filter>Source Files\modules</Filter>
    </ClInclude>
    <ClInclude Include="filesystem.h">
      <Filter>Source Files\modules</Filter>
    </ClInclude>
    <ClInclude Include="input.h">
      <Filter>Source Files\modules</Filter>
    </ClInclude>
    <ClInclude Include="resource.h">
      <Filter>Header Files</Filter>
    </ClInclude>
    <ClInclude Include="npcCollision.h">
      <Filter>Source Files\modules</Filter>
    </ClInclude>
    <ClInclude Include="playerCollision.h">
      <Filter>Source Files\modules</Filter>
    </ClInclude>
    <ClInclude Include="sound.h">
      <Filter>Source Files\modules\sound</Filter>
    </ClInclude>
    <ClInclude Include="hud.h">
      <Filter>Source Files\modules</Filter>
    </ClInclude>
    <ClInclude Include="player.h">
      <Filter>Source Files\classes\player</Filter>
    </ClInclude>
    <ClInclude Include="weapons.h">
      <Filter>Source Files\classes\weapon</Filter>
    </ClInclude>
    <ClInclude Include="bullet.h">
      <Filter>Source Files\classes\weapon</Filter>
    </ClInclude>
    <ClInclude Include="npc.h">
      <Filter>Source Files\classes\npc</Filter>
    </ClInclude>
    <ClInclude Include="npc000.h">
      <Filter>Source Files\classes\npc\act</Filter>
    </ClInclude>
    <ClInclude Include="npc020.h">
      <Filter>Source Files\classes\npc\act</Filter>
    </ClInclude>
    <ClInclude Include="npc040.h">
      <Filter>Source Files\classes\npc\act</Filter>
    </ClInclude>
    <ClInclude Include="npc060.h">
      <Filter>Source Files\classes\npc\act</Filter>
    </ClInclude>
    <ClInclude Include="npc200.h">
      <Filter>Source Files\classes\npc\act</Filter>
    </ClInclude>
    <ClInclude Include="npc340.h">
      <Filter>Source Files\classes\npc\act</Filter>
    </ClInclude>
    <ClInclude Include="npcAct.h">
      <Filter>Source Files\classes\npc\act</Filter>
    </ClInclude>
    <ClInclude Include="common.h">
      <Filter>Source Files</Filter>
    </ClInclude>
    <ClInclude Include="game.h">
      <Filter>Source Files\states</Filter>
    </ClInclude>
    <ClInclude Include="polarStar.h">
      <Filter>Source Files\classes\weapon\act</Filter>
    </ClInclude>
    <ClInclude Include="npc080.h">
      <Filter>Source Files\classes\npc\act</Filter>
    </ClInclude>
    <ClInclude Include="npc180.h">
      <Filter>Source Files\classes\npc\act</Filter>
    </ClInclude>
    <ClInclude Include="caret.h">
      <Filter>Source Files\classes\caret</Filter>
    </ClInclude>
    <ClInclude Include="org.h">
      <Filter>Source Files\modules\sound</Filter>
    </ClInclude>
    <ClInclude Include="npc220.h">
      <Filter>Source Files\classes\npc\act</Filter>
    </ClInclude>
    <ClInclude Include="npc100.h">
      <Filter>Source Files\classes\npc\act</Filter>
    </ClInclude>
    <ClInclude Include="npc280.h">
      <Filter>Source Files\classes\npc\act</Filter>
    </ClInclude>
    <ClInclude Include="npc300.h">
      <Filter>Source Files\classes\npc\act</Filter>
    </ClInclude>
  </ItemGroup>
  <ItemGroup>
    <ResourceCompile Include="CaveStoryEngine.rc">
      <Filter>Resource Files</Filter>
    </ResourceCompile>
  </ItemGroup>
</Project>