<?xml version="1.0" encoding="utf-8"?>
<Project ToolsVersion="4.0" xmlns="http://schemas.microsoft.com/developer/msbuild/2003">
  <ItemGroup>
    <ClCompile Include="balfrog.cpp" />
    <ClCompile Include="ballos.cpp" />
    <ClCompile Include="blade.cpp" />
    <ClCompile Include="bladeThrow.cpp" />
    <ClCompile Include="boss.cpp" />
    <ClCompile Include="bossCollision.cpp" />
    <ClCompile Include="bubblePew.cpp" />
    <ClCompile Include="bubbler.cpp" />
    <ClCompile Include="bullet.cpp" />
    <ClCompile Include="bulletCollision.cpp" />
    <ClCompile Include="caret.cpp" />
    <ClCompile Include="core.cpp" />
    <ClCompile Include="fade.cpp" />
    <ClCompile Include="fireballShoot.cpp" />
    <ClCompile Include="flash.cpp" />
    <ClCompile Include="game.cpp" />
    <ClCompile Include="heavyPress.cpp" />
    <ClCompile Include="hud.cpp" />
    <ClCompile Include="inventory.cpp" />
    <ClCompile Include="loadConfig.cpp" />
    <ClCompile Include="lodepng\lodepng.cpp" />
    <ClCompile Include="log.cpp" />
    <ClCompile Include="machineGun.cpp" />
    <ClCompile Include="machineGunShoot.cpp" />
    <ClCompile Include="mapSystem.cpp" />
    <ClCompile Include="misc.cpp" />
    <ClCompile Include="missile.cpp" />
    <ClCompile Include="missileShoot.cpp" />
    <ClCompile Include="monsterX.cpp" />
    <ClCompile Include="nemesis.cpp" />
    <ClCompile Include="nemesisShoot.cpp" />
    <ClCompile Include="npc080.cpp" />
    <ClCompile Include="npc100.cpp" />
    <ClCompile Include="npc120.cpp" />
    <ClCompile Include="npc140.cpp" />
    <ClCompile Include="npc160.cpp" />
    <ClCompile Include="npc180.cpp" />
    <ClCompile Include="npc220.cpp" />
    <ClCompile Include="npc240.cpp" />
    <ClCompile Include="npc260.cpp" />
    <ClCompile Include="npc280.cpp" />
    <ClCompile Include="npc300.cpp" />
    <ClCompile Include="npc320.cpp" />
    <ClCompile Include="npc340.cpp" />
    <ClCompile Include="npc360.cpp" />
    <ClCompile Include="npcCollision.cpp" />
    <ClCompile Include="filesystem.cpp" />
    <ClCompile Include="flags.cpp" />
    <ClCompile Include="input.cpp" />
    <ClCompile Include="stage.cpp" />
    <ClCompile Include="main.cpp" />
    <ClCompile Include="mathUtils.cpp" />
    <ClCompile Include="npc.cpp" />
    <ClCompile Include="npc000.cpp" />
    <ClCompile Include="npc020.cpp" />
    <ClCompile Include="npc040.cpp" />
    <ClCompile Include="npc060.cpp" />
    <ClCompile Include="npc200.cpp" />
    <ClCompile Include="npcAct.cpp" />
    <ClCompile Include="omega.cpp" />
    <ClCompile Include="org.cpp" />
    <ClCompile Include="player.cpp" />
    <ClCompile Include="playerCollision.cpp" />
    <ClCompile Include="polarStar.cpp" />
    <ClCompile Include="polarStarShoot.cpp" />
    <ClCompile Include="pxt.cpp" />
    <ClCompile Include="render.cpp" />
    <ClCompile Include="script.cpp" />
    <ClCompile Include="shiftJISToUTF8.cpp" />
    <ClCompile Include="snake.cpp" />
    <ClCompile Include="snakeShoot.cpp" />
    <ClCompile Include="sound.cpp" />
    <ClCompile Include="spur.cpp" />
    <ClCompile Include="fireball.cpp" />
    <ClCompile Include="spurShoot.cpp" />
    <ClCompile Include="stageSelect.cpp" />
    <ClCompile Include="stdUtils.cpp" />
    <ClCompile Include="valueview.cpp" />
    <ClCompile Include="weapons.cpp" />
  </ItemGroup>
  <ItemGroup>
    <ClInclude Include="blade.h" />
    <ClInclude Include="boss.h" />
    <ClInclude Include="bossCollision.h" />
    <ClInclude Include="bubbler.h" />
    <ClInclude Include="bullet.h" />
    <ClInclude Include="bulletCollision.h" />
    <ClInclude Include="caret.h" />
    <ClInclude Include="common.h" />
    <ClInclude Include="fade.h" />
    <ClInclude Include="fireball.h" />
    <ClInclude Include="flags.h" />
    <ClInclude Include="flash.h" />
    <ClInclude Include="game.h" />
    <ClInclude Include="lodepng\lodepng.h" />
    <ClInclude Include="org.h" />
    <ClInclude Include="loadConfig.h" />
    <ClInclude Include="log.h" />
    <ClInclude Include="machineGun.h" />
    <ClInclude Include="misc.h" />
    <ClInclude Include="missile.h" />
    <ClInclude Include="nemesis.h" />
    <ClInclude Include="npc080.h" />
    <ClInclude Include="npc100.h" />
    <ClInclude Include="npc120.h" />
    <ClInclude Include="npc140.h" />
    <ClInclude Include="npc160.h" />
    <ClInclude Include="npc180.h" />
    <ClInclude Include="npc220.h" />
    <ClInclude Include="npc240.h" />
    <ClInclude Include="npc260.h" />
    <ClInclude Include="npc280.h" />
    <ClInclude Include="npc300.h" />
    <ClInclude Include="npc320.h" />
    <ClInclude Include="polarStar.h" />
    <ClInclude Include="pxt.h" />
    <ClInclude Include="script.h" />
    <ClInclude Include="shootFunctions.h" />
    <ClInclude Include="snake.h" />
    <ClInclude Include="spur.h" />
    <ClInclude Include="stdUtils.h" />
    <ClInclude Include="valueview.h" />
    <ClInclude Include="weapons.h" />
    <ClInclude Include="hud.h" />
    <ClInclude Include="npc340.h" />
    <ClInclude Include="npc360.h" />
    <ClInclude Include="npcCollision.h" />
    <ClInclude Include="main.h" />
    <ClInclude Include="filesystem.h" />
    <ClInclude Include="input.h" />
    <ClInclude Include="stage.h" />
    <ClInclude Include="mathUtils.h" />
    <ClInclude Include="npc.h" />
    <ClInclude Include="npc000.h" />
    <ClInclude Include="npc020.h" />
    <ClInclude Include="npc040.h" />
    <ClInclude Include="npc060.h" />
    <ClInclude Include="npc200.h" />
    <ClInclude Include="npcAct.h" />
    <ClInclude Include="player.h" />
    <ClInclude Include="playerCollision.h" />
    <ClInclude Include="render.h" />
    <ClInclude Include="resource.h" />
    <ClInclude Include="sound.h" />
  </ItemGroup>
  <ItemGroup>
    <ResourceCompile Include="..\res\icon.rc" />
  </ItemGroup>
  <ItemGroup>
    <None Include="CS_RuleSet.ruleset" />
  </ItemGroup>
</Project>